# THIS IS AN AUTOGENERATED FILE. DO NOT EDIT THIS FILE DIRECTLY.
# yarn lockfile v1


chromatic@^7.5.4:
  version "7.5.4"
  resolved "https://registry.yarnpkg.com/chromatic/-/chromatic-7.5.4.tgz#28f51466e82e8737712db2dd3d494df0dcd31964"
  integrity sha512-DiBwsn8yABN6SFSeEf5gTbwGIqhfP+rjrAQENgeLFDUV3vX3tGdI8oVgseaeCwk8tn08ZukrmB/k3ZG9RPJPTA==
